<?xml version="1.0" encoding="utf-8"?>
<Project ToolsVersion="4.0" xmlns="http://schemas.microsoft.com/developer/msbuild/2003">
  <ItemGroup>
    <Filter Include="DBBase">
      <UniqueIdentifier>{b27f6502-af4b-45b3-bac7-a0f4dc77c8e4}</UniqueIdentifier>
    </Filter>
    <Filter Include="DBCore">
      <UniqueIdentifier>{d05607d2-0ee0-4ea9-9de5-c019566f8160}</UniqueIdentifier>
    </Filter>
    <Filter Include="Engine">
      <UniqueIdentifier>{0cc6a250-22a5-4a00-a5c6-c78659063760}</UniqueIdentifier>
    </Filter>
    <Filter Include="DBCompiler">
      <UniqueIdentifier>{75c2cc60-c725-466c-9133-ede156ca23f9}</UniqueIdentifier>
    </Filter>
  </ItemGroup>
  <ItemGroup>
    <ClInclude Include="DBBase.h">
      <Filter>DBBase</Filter>
    </ClInclude>
    <ClInclude Include="DBCommonUtils.hpp">
      <Filter>DBBase</Filter>
    </ClInclude>
    <ClInclude Include="DBEnum.h">
      <Filter>DBBase</Filter>
    </ClInclude>
    <ClInclude Include="DBMarcos.h">
      <Filter>DBBase</Filter>
    </ClInclude>
    <ClInclude Include="FileManager.h">
      <Filter>DBCore</Filter>
    </ClInclude>
    <ClInclude Include="QueryManager.h">
      <Filter>DBCore</Filter>
    </ClInclude>
    <ClInclude Include="DBController.h">
      <Filter>Engine</Filter>
    </ClInclude>
    <ClInclude Include="IDatabase.h">
      <Filter>DBCompiler</Filter>
    </ClInclude>
    <ClInclude Include="ILexicalAnalyzer.h">
      <Filter>DBCompiler</Filter>
    </ClInclude>
    <ClInclude Include="IPile.h">
      <Filter>DBCompiler</Filter>
    </ClInclude>
    <ClInclude Include="ISyntaxParser.h">
      <Filter>DBCompiler</Filter>
    </ClInclude>
    <ClInclude Include="DBCToken.h">
      <Filter>DBCompiler</Filter>
    </ClInclude>
    <ClInclude Include="DBCTokenStream.h">
      <Filter>DBCompiler</Filter>
    </ClInclude>
    <ClInclude Include="DBCCandidateFunction.h">
      <Filter>DBCompiler</Filter>
    </ClInclude>
    <ClInclude Include="DBCSyntaxTreeNode.h">
      <Filter>DBCompiler</Filter>
    </ClInclude>
    <ClInclude Include="DBCLL1SyntaxParserMap.h">
      <Filter>DBCompiler</Filter>
    </ClInclude>
    <ClInclude Include="DBCDeclaration.h">
      <Filter>DBCompiler</Filter>
    </ClInclude>
    <ClInclude Include="DBCBase.h">
      <Filter>DBCompiler</Filter>
    </ClInclude>
    <ClInclude Include="DBCProxy.hpp">
      <Filter>DBCompiler</Filter>
    </ClInclude>
    <ClInclude Include="DBBridge.h">
      <Filter>Engine</Filter>
    </ClInclude>
    <ClInclude Include="TableManager.h">
      <Filter>DBCore</Filter>
    </ClInclude>
    <ClInclude Include="DBTable.hpp">
      <Filter>DBCore</Filter>
    </ClInclude>
    <ClInclude Include="DBLock.hpp">
      <Filter>DBCore</Filter>
    </ClInclude>
    <ClInclude Include="DBObject.h">
      <Filter>DBBase</Filter>
    </ClInclude>
  </ItemGroup>
  <ItemGroup>
    <ClCompile Include="FileManager.cpp">
      <Filter>DBCore</Filter>
    </ClCompile>
    <ClCompile Include="QueryManager.cpp">
      <Filter>DBCore</Filter>
    </ClCompile>
    <ClCompile Include="DBController.cpp">
      <Filter>Engine</Filter>
    </ClCompile>
    <ClCompile Include="Main.cpp">
      <Filter>Engine</Filter>
    </ClCompile>
    <ClCompile Include="IDatabase.cpp">
      <Filter>DBCompiler</Filter>
    </ClCompile>
    <ClCompile Include="ILexicalAnalyzer.cpp">
      <Filter>DBCompiler</Filter>
    </ClCompile>
    <ClCompile Include="IPile.cpp">
      <Filter>DBCompiler</Filter>
    </ClCompile>
    <ClCompile Include="ISyntaxParser.cpp">
      <Filter>DBCompiler</Filter>
    </ClCompile>
    <ClCompile Include="DBCToken.cpp">
      <Filter>DBCompiler</Filter>
    </ClCompile>
    <ClCompile Include="DBCTokenStream.cpp">
      <Filter>DBCompiler</Filter>
    </ClCompile>
    <ClCompile Include="DBCCandidateFunction.cpp">
      <Filter>DBCompiler</Filter>
    </ClCompile>
    <ClCompile Include="DBCSyntaxTreeNode.cpp">
      <Filter>DBCompiler</Filter>
    </ClCompile>
    <ClCompile Include="DBCLL1SyntaxParserMap.cpp">
      <Filter>DBCompiler</Filter>
    </ClCompile>
    <ClCompile Include="DBBridge.cpp">
      <Filter>Engine</Filter>
    </ClCompile>
    <ClCompile Include="TableManager.cpp">
      <Filter>DBCore</Filter>
    </ClCompile>
    <ClCompile Include="DBObject.cpp">
      <Filter>DBBase</Filter>
    </ClCompile>
  </ItemGroup>
</Project>